
Microsoft Visual Studio Solution File, Format Version 12.00
# Visual Studio Version 17
VisualStudioVersion = 17.5.33516.290
MinimumVisualStudioVersion = 10.0.40219.1
Project("{9A19103F-16F7-4668-BE54-9A1E7A4F7556}") = "BeeProdicts", "BeeProdicts\BeeProdicts.csproj", "{5BC4D301-A668-4C97-9865-CE163E7EA2A7}"
EndProject
Global
	GlobalSection(SolutionConfigurationPlatforms) = preSolution
		Debug|Any CPU = Debug|Any CPU
		Release|Any CPU = Release|Any CPU
	EndGlobalSection
	GlobalSection(ProjectConfigurationPlatforms) = postSolution
		{5BC4D301-A668-4C97-9865-CE163E7EA2A7}.Debug|Any CPU.ActiveCfg = Debug|Any CPU
		{5BC4D301-A668-4C97-9865-CE163E7EA2A7}.Debug|Any CPU.Build.0 = Debug|Any CPU
		{5BC4D301-A668-4C97-9865-CE163E7EA2A7}.Release|Any CPU.ActiveCfg = Release|Any CPU
		{5BC4D301-A668-4C97-9865-CE163E7EA2A7}.Release|Any CPU.Build.0 = Release|Any CPU
	EndGlobalSection
	GlobalSection(SolutionProperties) = preSolution
		HideSolutionNode = FALSE
	EndGlobalSection
	GlobalSection(ExtensibilityGlobals) = postSolution
		SolutionGuid = {663A1CBA-177F-4A11-9DEF-4D21A67E48B2}
	EndGlobalSection
EndGlobal
